
Microsoft Visual Studio Solution File, Format Version 12.00
# Visual Studio Version 17
VisualStudioVersion = 17.7.34221.43
MinimumVisualStudioVersion = 10.0.40219.1
Project("{FAE04EC0-301F-11D3-BF4B-00C04F79EFBC}") = "Projekt w67248", "Projekt w67248\Projekt w67248.csproj", "{5B88E1D5-105B-4AF3-8AC1-B84773000996}"
EndProject
Global
	GlobalSection(SolutionConfigurationPlatforms) = preSolution
		Debug|Any CPU = Debug|Any CPU
		Release|Any CPU = Release|Any CPU
	EndGlobalSection
	GlobalSection(ProjectConfigurationPlatforms) = postSolution
		{5B88E1D5-105B-4AF3-8AC1-B84773000996}.Debug|Any CPU.ActiveCfg = Debug|Any CPU
		{5B88E1D5-105B-4AF3-8AC1-B84773000996}.Debug|Any CPU.Build.0 = Debug|Any CPU
		{5B88E1D5-105B-4AF3-8AC1-B84773000996}.Release|Any CPU.ActiveCfg = Release|Any CPU
		{5B88E1D5-105B-4AF3-8AC1-B84773000996}.Release|Any CPU.Build.0 = Release|Any CPU
	EndGlobalSection
	GlobalSection(SolutionProperties) = preSolution
		HideSolutionNode = FALSE
	EndGlobalSection
	GlobalSection(ExtensibilityGlobals) = postSolution
		SolutionGuid = {75A55E50-BF3B-456E-AD29-F5909AC4C340}
	EndGlobalSection
EndGlobal
